{
  "name": "@eclipse-che/hackajob-plugin",
  "version": "7.26.1",
  "lockfileVersion": 1,
  "requires": true,
  "dependencies": {
    "guidechimp": {
      "version": "4.0.5",
      "resolved": "https://registry.npmjs.org/guidechimp/-/guidechimp-4.0.5.tgz",
      "integrity": "sha512-SZ0fXt3agPkNPGp5H+AK8H0x/pxu2IXsYdSsBfMcL14IiV8ptmC/44nQwCvKig/MVqYDZ1/MxaDaRgRX1LFtdQ==",
      "requires": {
        "lodash": "^4.17.21"
      }
    },
    "lodash": {
      "version": "4.17.21",
      "resolved": "https://registry.npmjs.org/lodash/-/lodash-4.17.21.tgz",
      "integrity": "sha512-v2kDEe57lecTulaDIuNTPy3Ry4gLGJ6Z1O3vE1krgXZNrsQ+LFTGHVxVjcXPs17LhbZVGedAJv8XZ1tvj5FvSg=="
    }
  }
}
